
Microsoft Visual Studio Solution File, Format Version 12.00
# Visual Studio 2013
VisualStudioVersion = 12.0.21005.1
MinimumVisualStudioVersion = 10.0.40219.1
Project("{FAE04EC0-301F-11D3-BF4B-00C04F79EFBC}") = "VkontakteAPI", "VKapi\VkontakteAPI.csproj", "{428A37D0-A3B3-4BF4-8B98-417CF0CC2139}"
EndProject
Project("{FAE04EC0-301F-11D3-BF4B-00C04F79EFBC}") = "Rina.Infastructure", "Rina.Infastructure\Rina.Infastructure.csproj", "{4FE8080C-6ED5-446A-8C44-0444A206617C}"
EndProject
Project("{FAE04EC0-301F-11D3-BF4B-00C04F79EFBC}") = "Rina.Modules.Auth", "Rina.Modules.Auth\Rina.Modules.Auth.csproj", "{9B5DA00B-7650-465A-84D8-47EC713FD58D}"
EndProject
Project("{2150E333-8FDC-42A3-9474-1A3956D46DE8}") = "Modules", "Modules", "{894B2B80-870C-44BA-BE34-44E8366196E6}"
EndProject
Project("{FAE04EC0-301F-11D3-BF4B-00C04F79EFBC}") = "Rina.Modules.AudioPlayer", "Rina.Modules.AudioPlayer\Rina.Modules.AudioPlayer.csproj", "{83AA239D-19E4-4E68-BAE0-3086514EC596}"
EndProject
Project("{2150E333-8FDC-42A3-9474-1A3956D46DE8}") = "Common", "Common", "{EF0C275C-3B52-4618-BFDC-29D03BA054B5}"
EndProject
Project("{FAE04EC0-301F-11D3-BF4B-00C04F79EFBC}") = "Rina", "Rina\Rina.csproj", "{5CF311BC-4CDC-4851-A80F-CC7BA1CC97CC}"
EndProject
Project("{FAE04EC0-301F-11D3-BF4B-00C04F79EFBC}") = "Rina.StyleResources", "Rina.StyleResources\Rina.StyleResources.csproj", "{066DA0FE-BCF5-4FD2-869B-C3235FB13FFF}"
EndProject
Project("{FAE04EC0-301F-11D3-BF4B-00C04F79EFBC}") = "Rina.Modules.DownloadManager", "Rina.Modules.DownloadManager\Rina.Modules.DownloadManager.csproj", "{C8A223BB-94D5-4F25-8448-C07AB7E25187}"
EndProject
Global
	GlobalSection(SolutionConfigurationPlatforms) = preSolution
		Debug x64|Any CPU = Debug x64|Any CPU
		Debug x64|x64 = Debug x64|x64
		Debug x64|x86 = Debug x64|x86
		Debug x86|Any CPU = Debug x86|Any CPU
		Debug x86|x64 = Debug x86|x64
		Debug x86|x86 = Debug x86|x86
		Debug|Any CPU = Debug|Any CPU
		Debug|x64 = Debug|x64
		Debug|x86 = Debug|x86
		Release x64|Any CPU = Release x64|Any CPU
		Release x64|x64 = Release x64|x64
		Release x64|x86 = Release x64|x86
		Release|Any CPU = Release|Any CPU
		Release|x64 = Release|x64
		Release|x86 = Release|x86
	EndGlobalSection
	GlobalSection(ProjectConfigurationPlatforms) = postSolution
		{428A37D0-A3B3-4BF4-8B98-417CF0CC2139}.Debug x64|Any CPU.ActiveCfg = Debug|Any CPU
		{428A37D0-A3B3-4BF4-8B98-417CF0CC2139}.Debug x64|Any CPU.Build.0 = Debug|Any CPU
		{428A37D0-A3B3-4BF4-8B98-417CF0CC2139}.Debug x64|x64.ActiveCfg = Debug|Any CPU
		{428A37D0-A3B3-4BF4-8B98-417CF0CC2139}.Debug x64|x86.ActiveCfg = Debug|Any CPU
		{428A37D0-A3B3-4BF4-8B98-417CF0CC2139}.Debug x86|Any CPU.ActiveCfg = Debug|Any CPU
		{428A37D0-A3B3-4BF4-8B98-417CF0CC2139}.Debug x86|Any CPU.Build.0 = Debug|Any CPU
		{428A37D0-A3B3-4BF4-8B98-417CF0CC2139}.Debug x86|x64.ActiveCfg = Debug|Any CPU
		{428A37D0-A3B3-4BF4-8B98-417CF0CC2139}.Debug x86|x86.ActiveCfg = Debug|Any CPU
		{428A37D0-A3B3-4BF4-8B98-417CF0CC2139}.Debug|Any CPU.ActiveCfg = Debug|Any CPU
		{428A37D0-A3B3-4BF4-8B98-417CF0CC2139}.Debug|Any CPU.Build.0 = Debug|Any CPU
		{428A37D0-A3B3-4BF4-8B98-417CF0CC2139}.Debug|x64.ActiveCfg = Debug|Any CPU
		{428A37D0-A3B3-4BF4-8B98-417CF0CC2139}.Debug|x86.ActiveCfg = Debug|Any CPU
		{428A37D0-A3B3-4BF4-8B98-417CF0CC2139}.Release x64|Any CPU.ActiveCfg = Release|Any CPU
		{428A37D0-A3B3-4BF4-8B98-417CF0CC2139}.Release x64|Any CPU.Build.0 = Release|Any CPU
		{428A37D0-A3B3-4BF4-8B98-417CF0CC2139}.Release x64|x64.ActiveCfg = Release|Any CPU
		{428A37D0-A3B3-4BF4-8B98-417CF0CC2139}.Release x64|x86.ActiveCfg = Release|Any CPU
		{428A37D0-A3B3-4BF4-8B98-417CF0CC2139}.Release|Any CPU.ActiveCfg = Release|Any CPU
		{428A37D0-A3B3-4BF4-8B98-417CF0CC2139}.Release|Any CPU.Build.0 = Release|Any CPU
		{428A37D0-A3B3-4BF4-8B98-417CF0CC2139}.Release|x64.ActiveCfg = Release|Any CPU
		{428A37D0-A3B3-4BF4-8B98-417CF0CC2139}.Release|x86.ActiveCfg = Release|Any CPU
		{4FE8080C-6ED5-446A-8C44-0444A206617C}.Debug x64|Any CPU.ActiveCfg = Debug|Any CPU
		{4FE8080C-6ED5-446A-8C44-0444A206617C}.Debug x64|Any CPU.Build.0 = Debug|Any CPU
		{4FE8080C-6ED5-446A-8C44-0444A206617C}.Debug x64|x64.ActiveCfg = Debug|Any CPU
		{4FE8080C-6ED5-446A-8C44-0444A206617C}.Debug x64|x86.ActiveCfg = Debug|Any CPU
		{4FE8080C-6ED5-446A-8C44-0444A206617C}.Debug x86|Any CPU.ActiveCfg = Debug|Any CPU
		{4FE8080C-6ED5-446A-8C44-0444A206617C}.Debug x86|Any CPU.Build.0 = Debug|Any CPU
		{4FE8080C-6ED5-446A-8C44-0444A206617C}.Debug x86|x64.ActiveCfg = Debug|Any CPU
		{4FE8080C-6ED5-446A-8C44-0444A206617C}.Debug x86|x86.ActiveCfg = Debug|Any CPU
		{4FE8080C-6ED5-446A-8C44-0444A206617C}.Debug|Any CPU.ActiveCfg = Debug|Any CPU
		{4FE8080C-6ED5-446A-8C44-0444A206617C}.Debug|Any CPU.Build.0 = Debug|Any CPU
		{4FE8080C-6ED5-446A-8C44-0444A206617C}.Debug|x64.ActiveCfg = Debug|Any CPU
		{4FE8080C-6ED5-446A-8C44-0444A206617C}.Debug|x86.ActiveCfg = Debug|Any CPU
		{4FE8080C-6ED5-446A-8C44-0444A206617C}.Release x64|Any CPU.ActiveCfg = Release|Any CPU
		{4FE8080C-6ED5-446A-8C44-0444A206617C}.Release x64|Any CPU.Build.0 = Release|Any CPU
		{4FE8080C-6ED5-446A-8C44-0444A206617C}.Release x64|x64.ActiveCfg = Release|Any CPU
		{4FE8080C-6ED5-446A-8C44-0444A206617C}.Release x64|x86.ActiveCfg = Release|Any CPU
		{4FE8080C-6ED5-446A-8C44-0444A206617C}.Release|Any CPU.ActiveCfg = Release|Any CPU
		{4FE8080C-6ED5-446A-8C44-0444A206617C}.Release|Any CPU.Build.0 = Release|Any CPU
		{4FE8080C-6ED5-446A-8C44-0444A206617C}.Release|x64.ActiveCfg = Release|Any CPU
		{4FE8080C-6ED5-446A-8C44-0444A206617C}.Release|x86.ActiveCfg = Release|Any CPU
		{9B5DA00B-7650-465A-84D8-47EC713FD58D}.Debug x64|Any CPU.ActiveCfg = Debug|Any CPU
		{9B5DA00B-7650-465A-84D8-47EC713FD58D}.Debug x64|Any CPU.Build.0 = Debug|Any CPU
		{9B5DA00B-7650-465A-84D8-47EC713FD58D}.Debug x64|x64.ActiveCfg = Debug|Any CPU
		{9B5DA00B-7650-465A-84D8-47EC713FD58D}.Debug x64|x86.ActiveCfg = Debug|Any CPU
		{9B5DA00B-7650-465A-84D8-47EC713FD58D}.Debug x86|Any CPU.ActiveCfg = Debug|Any CPU
		{9B5DA00B-7650-465A-84D8-47EC713FD58D}.Debug x86|Any CPU.Build.0 = Debug|Any CPU
		{9B5DA00B-7650-465A-84D8-47EC713FD58D}.Debug x86|x64.ActiveCfg = Debug|Any CPU
		{9B5DA00B-7650-465A-84D8-47EC713FD58D}.Debug x86|x86.ActiveCfg = Debug|Any CPU
		{9B5DA00B-7650-465A-84D8-47EC713FD58D}.Debug|Any CPU.ActiveCfg = Debug|Any CPU
		{9B5DA00B-7650-465A-84D8-47EC713FD58D}.Debug|Any CPU.Build.0 = Debug|Any CPU
		{9B5DA00B-7650-465A-84D8-47EC713FD58D}.Debug|x64.ActiveCfg = Debug|Any CPU
		{9B5DA00B-7650-465A-84D8-47EC713FD58D}.Debug|x86.ActiveCfg = Debug|Any CPU
		{9B5DA00B-7650-465A-84D8-47EC713FD58D}.Release x64|Any CPU.ActiveCfg = Release|Any CPU
		{9B5DA00B-7650-465A-84D8-47EC713FD58D}.Release x64|Any CPU.Build.0 = Release|Any CPU
		{9B5DA00B-7650-465A-84D8-47EC713FD58D}.Release x64|x64.ActiveCfg = Release|Any CPU
		{9B5DA00B-7650-465A-84D8-47EC713FD58D}.Release x64|x86.ActiveCfg = Release|Any CPU
		{9B5DA00B-7650-465A-84D8-47EC713FD58D}.Release|Any CPU.ActiveCfg = Release|Any CPU
		{9B5DA00B-7650-465A-84D8-47EC713FD58D}.Release|Any CPU.Build.0 = Release|Any CPU
		{9B5DA00B-7650-465A-84D8-47EC713FD58D}.Release|x64.ActiveCfg = Release|Any CPU
		{9B5DA00B-7650-465A-84D8-47EC713FD58D}.Release|x86.ActiveCfg = Release|Any CPU
		{83AA239D-19E4-4E68-BAE0-3086514EC596}.Debug x64|Any CPU.ActiveCfg = Debug|Any CPU
		{83AA239D-19E4-4E68-BAE0-3086514EC596}.Debug x64|Any CPU.Build.0 = Debug|Any CPU
		{83AA239D-19E4-4E68-BAE0-3086514EC596}.Debug x64|x64.ActiveCfg = Debug|Any CPU
		{83AA239D-19E4-4E68-BAE0-3086514EC596}.Debug x64|x86.ActiveCfg = Debug|Any CPU
		{83AA239D-19E4-4E68-BAE0-3086514EC596}.Debug x86|Any CPU.ActiveCfg = Debug|Any CPU
		{83AA239D-19E4-4E68-BAE0-3086514EC596}.Debug x86|Any CPU.Build.0 = Debug|Any CPU
		{83AA239D-19E4-4E68-BAE0-3086514EC596}.Debug x86|x64.ActiveCfg = Debug|Any CPU
		{83AA239D-19E4-4E68-BAE0-3086514EC596}.Debug x86|x86.ActiveCfg = Debug|Any CPU
		{83AA239D-19E4-4E68-BAE0-3086514EC596}.Debug|Any CPU.ActiveCfg = Debug|Any CPU
		{83AA239D-19E4-4E68-BAE0-3086514EC596}.Debug|Any CPU.Build.0 = Debug|Any CPU
		{83AA239D-19E4-4E68-BAE0-3086514EC596}.Debug|x64.ActiveCfg = Debug|Any CPU
		{83AA239D-19E4-4E68-BAE0-3086514EC596}.Debug|x86.ActiveCfg = Debug|Any CPU
		{83AA239D-19E4-4E68-BAE0-3086514EC596}.Release x64|Any CPU.ActiveCfg = Release|Any CPU
		{83AA239D-19E4-4E68-BAE0-3086514EC596}.Release x64|Any CPU.Build.0 = Release|Any CPU
		{83AA239D-19E4-4E68-BAE0-3086514EC596}.Release x64|x64.ActiveCfg = Release|Any CPU
		{83AA239D-19E4-4E68-BAE0-3086514EC596}.Release x64|x86.ActiveCfg = Release|Any CPU
		{83AA239D-19E4-4E68-BAE0-3086514EC596}.Release|Any CPU.ActiveCfg = Release|Any CPU
		{83AA239D-19E4-4E68-BAE0-3086514EC596}.Release|Any CPU.Build.0 = Release|Any CPU
		{83AA239D-19E4-4E68-BAE0-3086514EC596}.Release|x64.ActiveCfg = Release|Any CPU
		{83AA239D-19E4-4E68-BAE0-3086514EC596}.Release|x86.ActiveCfg = Release|Any CPU
		{5CF311BC-4CDC-4851-A80F-CC7BA1CC97CC}.Debug x64|Any CPU.ActiveCfg = Debug|Any CPU
		{5CF311BC-4CDC-4851-A80F-CC7BA1CC97CC}.Debug x64|Any CPU.Build.0 = Debug|Any CPU
		{5CF311BC-4CDC-4851-A80F-CC7BA1CC97CC}.Debug x64|x64.ActiveCfg = Debug|Any CPU
		{5CF311BC-4CDC-4851-A80F-CC7BA1CC97CC}.Debug x64|x86.ActiveCfg = Debug|Any CPU
		{5CF311BC-4CDC-4851-A80F-CC7BA1CC97CC}.Debug x86|Any CPU.ActiveCfg = Debug|Any CPU
		{5CF311BC-4CDC-4851-A80F-CC7BA1CC97CC}.Debug x86|Any CPU.Build.0 = Debug|Any CPU
		{5CF311BC-4CDC-4851-A80F-CC7BA1CC97CC}.Debug x86|x64.ActiveCfg = Debug|Any CPU
		{5CF311BC-4CDC-4851-A80F-CC7BA1CC97CC}.Debug x86|x86.ActiveCfg = Debug|Any CPU
		{5CF311BC-4CDC-4851-A80F-CC7BA1CC97CC}.Debug|Any CPU.ActiveCfg = Debug|Any CPU
		{5CF311BC-4CDC-4851-A80F-CC7BA1CC97CC}.Debug|Any CPU.Build.0 = Debug|Any CPU
		{5CF311BC-4CDC-4851-A80F-CC7BA1CC97CC}.Debug|x64.ActiveCfg = Debug|Any CPU
		{5CF311BC-4CDC-4851-A80F-CC7BA1CC97CC}.Debug|x86.ActiveCfg = Debug|Any CPU
		{5CF311BC-4CDC-4851-A80F-CC7BA1CC97CC}.Release x64|Any CPU.ActiveCfg = Release|Any CPU
		{5CF311BC-4CDC-4851-A80F-CC7BA1CC97CC}.Release x64|Any CPU.Build.0 = Release|Any CPU
		{5CF311BC-4CDC-4851-A80F-CC7BA1CC97CC}.Release x64|x64.ActiveCfg = Release|Any CPU
		{5CF311BC-4CDC-4851-A80F-CC7BA1CC97CC}.Release x64|x86.ActiveCfg = Release|Any CPU
		{5CF311BC-4CDC-4851-A80F-CC7BA1CC97CC}.Release|Any CPU.ActiveCfg = Release|Any CPU
		{5CF311BC-4CDC-4851-A80F-CC7BA1CC97CC}.Release|Any CPU.Build.0 = Release|Any CPU
		{5CF311BC-4CDC-4851-A80F-CC7BA1CC97CC}.Release|x64.ActiveCfg = Release|Any CPU
		{5CF311BC-4CDC-4851-A80F-CC7BA1CC97CC}.Release|x86.ActiveCfg = Release|Any CPU
		{066DA0FE-BCF5-4FD2-869B-C3235FB13FFF}.Debug x64|Any CPU.ActiveCfg = Debug|Any CPU
		{066DA0FE-BCF5-4FD2-869B-C3235FB13FFF}.Debug x64|Any CPU.Build.0 = Debug|Any CPU
		{066DA0FE-BCF5-4FD2-869B-C3235FB13FFF}.Debug x64|x64.ActiveCfg = Debug|Any CPU
		{066DA0FE-BCF5-4FD2-869B-C3235FB13FFF}.Debug x64|x86.ActiveCfg = Debug|Any CPU
		{066DA0FE-BCF5-4FD2-869B-C3235FB13FFF}.Debug x86|Any CPU.ActiveCfg = Debug|Any CPU
		{066DA0FE-BCF5-4FD2-869B-C3235FB13FFF}.Debug x86|Any CPU.Build.0 = Debug|Any CPU
		{066DA0FE-BCF5-4FD2-869B-C3235FB13FFF}.Debug x86|x64.ActiveCfg = Debug|Any CPU
		{066DA0FE-BCF5-4FD2-869B-C3235FB13FFF}.Debug x86|x86.ActiveCfg = Debug|Any CPU
		{066DA0FE-BCF5-4FD2-869B-C3235FB13FFF}.Debug|Any CPU.ActiveCfg = Debug|Any CPU
		{066DA0FE-BCF5-4FD2-869B-C3235FB13FFF}.Debug|Any CPU.Build.0 = Debug|Any CPU
		{066DA0FE-BCF5-4FD2-869B-C3235FB13FFF}.Debug|x64.ActiveCfg = Debug|Any CPU
		{066DA0FE-BCF5-4FD2-869B-C3235FB13FFF}.Debug|x86.ActiveCfg = Debug|Any CPU
		{066DA0FE-BCF5-4FD2-869B-C3235FB13FFF}.Release x64|Any CPU.ActiveCfg = Release|Any CPU
		{066DA0FE-BCF5-4FD2-869B-C3235FB13FFF}.Release x64|Any CPU.Build.0 = Release|Any CPU
		{066DA0FE-BCF5-4FD2-869B-C3235FB13FFF}.Release x64|x64.ActiveCfg = Release|Any CPU
		{066DA0FE-BCF5-4FD2-869B-C3235FB13FFF}.Release x64|x86.ActiveCfg = Release|Any CPU
		{066DA0FE-BCF5-4FD2-869B-C3235FB13FFF}.Release|Any CPU.ActiveCfg = Release|Any CPU
		{066DA0FE-BCF5-4FD2-869B-C3235FB13FFF}.Release|Any CPU.Build.0 = Release|Any CPU
		{066DA0FE-BCF5-4FD2-869B-C3235FB13FFF}.Release|x64.ActiveCfg = Release|Any CPU
		{066DA0FE-BCF5-4FD2-869B-C3235FB13FFF}.Release|x86.ActiveCfg = Release|Any CPU
		{C8A223BB-94D5-4F25-8448-C07AB7E25187}.Debug x64|Any CPU.ActiveCfg = Debug|Any CPU
		{C8A223BB-94D5-4F25-8448-C07AB7E25187}.Debug x64|Any CPU.Build.0 = Debug|Any CPU
		{C8A223BB-94D5-4F25-8448-C07AB7E25187}.Debug x64|x64.ActiveCfg = Debug|Any CPU
		{C8A223BB-94D5-4F25-8448-C07AB7E25187}.Debug x64|x86.ActiveCfg = Debug|Any CPU
		{C8A223BB-94D5-4F25-8448-C07AB7E25187}.Debug x86|Any CPU.ActiveCfg = Debug|Any CPU
		{C8A223BB-94D5-4F25-8448-C07AB7E25187}.Debug x86|Any CPU.Build.0 = Debug|Any CPU
		{C8A223BB-94D5-4F25-8448-C07AB7E25187}.Debug x86|x64.ActiveCfg = Debug|Any CPU
		{C8A223BB-94D5-4F25-8448-C07AB7E25187}.Debug x86|x86.ActiveCfg = Debug|Any CPU
		{C8A223BB-94D5-4F25-8448-C07AB7E25187}.Debug|Any CPU.ActiveCfg = Debug|Any CPU
		{C8A223BB-94D5-4F25-8448-C07AB7E25187}.Debug|Any CPU.Build.0 = Debug|Any CPU
		{C8A223BB-94D5-4F25-8448-C07AB7E25187}.Debug|x64.ActiveCfg = Debug|Any CPU
		{C8A223BB-94D5-4F25-8448-C07AB7E25187}.Debug|x86.ActiveCfg = Debug|Any CPU
		{C8A223BB-94D5-4F25-8448-C07AB7E25187}.Release x64|Any CPU.ActiveCfg = Release|Any CPU
		{C8A223BB-94D5-4F25-8448-C07AB7E25187}.Release x64|Any CPU.Build.0 = Release|Any CPU
		{C8A223BB-94D5-4F25-8448-C07AB7E25187}.Release x64|x64.ActiveCfg = Release|Any CPU
		{C8A223BB-94D5-4F25-8448-C07AB7E25187}.Release x64|x86.ActiveCfg = Release|Any CPU
		{C8A223BB-94D5-4F25-8448-C07AB7E25187}.Release|Any CPU.ActiveCfg = Release|Any CPU
		{C8A223BB-94D5-4F25-8448-C07AB7E25187}.Release|Any CPU.Build.0 = Release|Any CPU
		{C8A223BB-94D5-4F25-8448-C07AB7E25187}.Release|x64.ActiveCfg = Release|Any CPU
		{C8A223BB-94D5-4F25-8448-C07AB7E25187}.Release|x86.ActiveCfg = Release|Any CPU
	EndGlobalSection
	GlobalSection(SolutionProperties) = preSolution
		HideSolutionNode = FALSE
	EndGlobalSection
	GlobalSection(NestedProjects) = preSolution
		{4FE8080C-6ED5-446A-8C44-0444A206617C} = {EF0C275C-3B52-4618-BFDC-29D03BA054B5}
		{066DA0FE-BCF5-4FD2-869B-C3235FB13FFF} = {EF0C275C-3B52-4618-BFDC-29D03BA054B5}
		{9B5DA00B-7650-465A-84D8-47EC713FD58D} = {894B2B80-870C-44BA-BE34-44E8366196E6}
		{83AA239D-19E4-4E68-BAE0-3086514EC596} = {894B2B80-870C-44BA-BE34-44E8366196E6}
		{C8A223BB-94D5-4F25-8448-C07AB7E25187} = {894B2B80-870C-44BA-BE34-44E8366196E6}
	EndGlobalSection
	GlobalSection(ExtensibilityGlobals) = postSolution
		EnterpriseLibraryConfigurationToolBinariesPathV6 = packages\EnterpriseLibrary.Common.6.0.1304.0\lib\NET45;packages\EnterpriseLibrary.Logging.6.0.1304.0\lib\NET45;packages\EnterpriseLibrary.ExceptionHandling.6.0.1304.0\lib\NET45
	EndGlobalSection
EndGlobal
