
Microsoft Visual Studio Solution File, Format Version 12.00
# Visual Studio 2012
Project("{FAE04EC0-301F-11D3-BF4B-00C04F79EFBC}") = "VCA player", "VCA player\VCA player.csproj", "{ED5D7849-2F68-4484-BD42-DE0D2EDDAD22}"
EndProject
Project("{FAE04EC0-301F-11D3-BF4B-00C04F79EFBC}") = "media-player-vlc", "media-player-vlc\media-player-vlc.csproj", "{5AF6C9FE-6B19-4C1D-BADE-35BFF33825B8}"
EndProject
Project("{FAE04EC0-301F-11D3-BF4B-00C04F79EFBC}") = "VKapi", "VKapi\VKapi.csproj", "{428A37D0-A3B3-4BF4-8B98-417CF0CC2139}"
EndProject
Global
	GlobalSection(SolutionConfigurationPlatforms) = preSolution
		Debug|Any CPU = Debug|Any CPU
		Release|Any CPU = Release|Any CPU
	EndGlobalSection
	GlobalSection(ProjectConfigurationPlatforms) = postSolution
		{ED5D7849-2F68-4484-BD42-DE0D2EDDAD22}.Debug|Any CPU.ActiveCfg = Debug|Any CPU
		{ED5D7849-2F68-4484-BD42-DE0D2EDDAD22}.Debug|Any CPU.Build.0 = Debug|Any CPU
		{ED5D7849-2F68-4484-BD42-DE0D2EDDAD22}.Release|Any CPU.ActiveCfg = Release|Any CPU
		{ED5D7849-2F68-4484-BD42-DE0D2EDDAD22}.Release|Any CPU.Build.0 = Release|Any CPU
		{5AF6C9FE-6B19-4C1D-BADE-35BFF33825B8}.Debug|Any CPU.ActiveCfg = Debug|Any CPU
		{5AF6C9FE-6B19-4C1D-BADE-35BFF33825B8}.Debug|Any CPU.Build.0 = Debug|Any CPU
		{5AF6C9FE-6B19-4C1D-BADE-35BFF33825B8}.Release|Any CPU.ActiveCfg = Release|Any CPU
		{5AF6C9FE-6B19-4C1D-BADE-35BFF33825B8}.Release|Any CPU.Build.0 = Release|Any CPU
		{428A37D0-A3B3-4BF4-8B98-417CF0CC2139}.Debug|Any CPU.ActiveCfg = Debug|Any CPU
		{428A37D0-A3B3-4BF4-8B98-417CF0CC2139}.Debug|Any CPU.Build.0 = Debug|Any CPU
		{428A37D0-A3B3-4BF4-8B98-417CF0CC2139}.Release|Any CPU.ActiveCfg = Release|Any CPU
		{428A37D0-A3B3-4BF4-8B98-417CF0CC2139}.Release|Any CPU.Build.0 = Release|Any CPU
	EndGlobalSection
	GlobalSection(SolutionProperties) = preSolution
		HideSolutionNode = FALSE
	EndGlobalSection
EndGlobal
